<Solution>
  <Folder Name="/ARRAY/" />
  <Folder Name="/Companies/" />
  <Folder Name="/Companies/HCL/">
    <Project Path="HCL_max_suarray_sum/HCL_max_suarray_sum.csproj" Id="bbbf195d-b8fa-46d9-8878-1ffd119c6741" />
    <Project Path="HCL_word_count/HCL_word_count.csproj" Id="ffa4c388-9b4d-4dd9-a61e-063af7e29108" />
  </Folder>
  <Folder Name="/NUMBER_GENERIC/" />
  <Folder Name="/NUMBER_GENERIC/Factorial/">
    <Project Path="Factorial/Factorial.csproj" Id="1905ab10-32b3-4313-90b1-303f126973d5" />
  </Folder>
  <Folder Name="/PATTERNS/" />
  <Folder Name="/PATTERNS/Butterfly_Pattern/">
    <Project Path="Number_butterfly_pattern/Star_butterfly_pattern.csproj" Id="94914f91-6228-41cf-8090-4540571bfaa2" />
  </Folder>
  <Folder Name="/PATTERNS/Floyds_Triangle_Pattern/">
    <Project Path="ALPHABET_floyds_triangle_pattern/ALPHABET_floyds_triangle_pattern.csproj" Id="5152d7f5-c667-4083-b607-5d988cb2332d" />
    <Project Path="Number_floyds_triangle_pattern/Number_floyds_triangle_pattern.csproj" Id="0135a029-8ca6-4262-a9dd-38c4ac71d6d3" />
  </Folder>
  <Folder Name="/PATTERNS/Inverted_Triangle_Pattern/">
    <Project Path="Number_inverted_triangle_pattern/Number_inverted_triangle_pattern.csproj" Id="702cb62b-9af3-4e7d-b3b9-9b50d01cc1e6" />
  </Folder>
  <Folder Name="/PATTERNS/Pyramid_Pattern/">
    <Project Path="Number_pyramid_pattern/Number_pyramid_pattern.csproj" Id="533b2bd6-045e-4653-9d5b-3d7eb924443f" />
  </Folder>
  <Folder Name="/PATTERNS/Reverse_Triangle_Pattern/">
    <Project Path="Number_reverse_triangle_pattern/Number_reverse_triangle_pattern.csproj" Id="c5f0f123-d876-4194-889f-013bbad70b22" />
  </Folder>
  <Folder Name="/PATTERNS/Square_Pattern/">
    <Project Path="ALPHABETS_Increment_square_pattern/ALPHABET_Increment_square_pattern.csproj" />
    <Project Path="ALPHABETS_square_pattern/ALPHABET_square_pattern.csproj" />
    <Project Path="Numbers_square_pattern/Number_square_pattern.csproj" />
    <Project Path="Number_Incremental_square_pattern/Number_Increment_square_pattern.csproj" />
    <Project Path="Start_square_pattern/Star_square_pattern.csproj" />
  </Folder>
  <Folder Name="/PATTERNS/Triangle_Pattern/">
    <Project Path="ALPHABET_triangle_pattern/ALPHABET_triangle_pattern.csproj" Id="31718d2f-dc43-4d52-ab9f-ecd3046029e9" />
    <Project Path="Number_ResetRow_triangle_Pattern/Number_ResetRow_triangle_Pattern.csproj" Id="c54901a9-47c2-4553-8bb3-3bc3849b5679" />
    <Project Path="Number_triangle_pattern/Number_triangle_pattern.csproj" Id="d37af454-f2ee-47dd-bd34-9dcd648b91bb" />
    <Project Path="Star_triangle_pattern/Star_triangle_pattern.csproj" />
  </Folder>
</Solution>
